
Microsoft Visual Studio Solution File, Format Version 12.00
# Visual Studio Version 17
VisualStudioVersion = 17.9.34728.123
MinimumVisualStudioVersion = 10.0.40219.1
Project("{9A19103F-16F7-4668-BE54-9A1E7A4F7556}") = "DesafioProjetoHospedagem", "DesafioProjetoHospedagem.csproj", "{19D63A36-3EDE-46C9-86B7-B438C2092517}"
EndProject
Global
	GlobalSection(SolutionConfigurationPlatforms) = preSolution
		Debug|Any CPU = Debug|Any CPU
		Release|Any CPU = Release|Any CPU
	EndGlobalSection
	GlobalSection(ProjectConfigurationPlatforms) = postSolution
		{19D63A36-3EDE-46C9-86B7-B438C2092517}.Debug|Any CPU.ActiveCfg = Debug|Any CPU
		{19D63A36-3EDE-46C9-86B7-B438C2092517}.Debug|Any CPU.Build.0 = Debug|Any CPU
		{19D63A36-3EDE-46C9-86B7-B438C2092517}.Release|Any CPU.ActiveCfg = Release|Any CPU
		{19D63A36-3EDE-46C9-86B7-B438C2092517}.Release|Any CPU.Build.0 = Release|Any CPU
	EndGlobalSection
	GlobalSection(SolutionProperties) = preSolution
		HideSolutionNode = FALSE
	EndGlobalSection
	GlobalSection(ExtensibilityGlobals) = postSolution
		SolutionGuid = {ED313763-3AFD-4C6B-9CD1-BD98D734E060}
	EndGlobalSection
EndGlobal
